# This file is automatically @generated by Cargo.
# It is not intended for manual editing.
version = 4

[[package]]
name = "nextsycl"
version = "0.1.0"
dependencies = [
 "ns-core",
 "ns-engine",
 "ns-gguf",
 "ns-model",
]

[[package]]
name = "ns-core"
version = "0.1.0"
dependencies = [
 "ns-sys",
]

[[package]]
name = "ns-engine"
version = "0.1.0"
dependencies = [
 "ns-core",
 "ns-gguf",
 "ns-model",
]

[[package]]
name = "ns-gguf"
version = "0.1.0"

[[package]]
name = "ns-model"
version = "0.1.0"
dependencies = [
 "ns-gguf",
]

[[package]]
name = "ns-sys"
version = "0.1.0"
